
Microsoft Visual Studio Solution File, Format Version 12.00
# Visual Studio 2013
VisualStudioVersion = 12.0.21005.1
MinimumVisualStudioVersion = 10.0.40219.1
Project("{8BC9CEB8-8B4A-11D0-8D11-00A0C91BC942}") = "单链表基本操作", "单链表基本操作\单链表基本操作.vcxproj", "{CCC9930F-9CEE-4201-BCD1-69DA52C5F4E5}"
EndProject
Global
	GlobalSection(SolutionConfigurationPlatforms) = preSolution
		Debug|Win32 = Debug|Win32
		Release|Win32 = Release|Win32
	EndGlobalSection
	GlobalSection(ProjectConfigurationPlatforms) = postSolution
		{CCC9930F-9CEE-4201-BCD1-69DA52C5F4E5}.Debug|Win32.ActiveCfg = Debug|Win32
		{CCC9930F-9CEE-4201-BCD1-69DA52C5F4E5}.Debug|Win32.Build.0 = Debug|Win32
		{CCC9930F-9CEE-4201-BCD1-69DA52C5F4E5}.Release|Win32.ActiveCfg = Release|Win32
		{CCC9930F-9CEE-4201-BCD1-69DA52C5F4E5}.Release|Win32.Build.0 = Release|Win32
	EndGlobalSection
	GlobalSection(SolutionProperties) = preSolution
		HideSolutionNode = FALSE
	EndGlobalSection
EndGlobal
