
Microsoft Visual Studio Solution File, Format Version 12.00
# Visual Studio Version 16
VisualStudioVersion = 16.0.29519.181
MinimumVisualStudioVersion = 10.0.40219.1
Project("{8BC9CEB8-8B4A-11D0-8D11-00A0C91BC942}") = "Project1", "Project1.vcxproj", "{65A63125-2708-43DD-84F6-989E418A06A7}"
EndProject
Global
	GlobalSection(SolutionConfigurationPlatforms) = preSolution
		Debug|x64 = Debug|x64
		Debug|x86 = Debug|x86
		Release|x64 = Release|x64
		Release|x86 = Release|x86
	EndGlobalSection
	GlobalSection(ProjectConfigurationPlatforms) = postSolution
		{65A63125-2708-43DD-84F6-989E418A06A7}.Debug|x64.ActiveCfg = Debug|x64
		{65A63125-2708-43DD-84F6-989E418A06A7}.Debug|x64.Build.0 = Debug|x64
		{65A63125-2708-43DD-84F6-989E418A06A7}.Debug|x86.ActiveCfg = Debug|Win32
		{65A63125-2708-43DD-84F6-989E418A06A7}.Debug|x86.Build.0 = Debug|Win32
		{65A63125-2708-43DD-84F6-989E418A06A7}.Release|x64.ActiveCfg = Release|x64
		{65A63125-2708-43DD-84F6-989E418A06A7}.Release|x64.Build.0 = Release|x64
		{65A63125-2708-43DD-84F6-989E418A06A7}.Release|x86.ActiveCfg = Release|Win32
		{65A63125-2708-43DD-84F6-989E418A06A7}.Release|x86.Build.0 = Release|Win32
	EndGlobalSection
	GlobalSection(SolutionProperties) = preSolution
		HideSolutionNode = FALSE
	EndGlobalSection
	GlobalSection(ExtensibilityGlobals) = postSolution
		SolutionGuid = {41314690-766E-4BE4-84CF-A44E1D8D6691}
	EndGlobalSection
EndGlobal
