
Microsoft Visual Studio Solution File, Format Version 12.00
# Visual Studio Version 16
VisualStudioVersion = 16.0.29519.181
MinimumVisualStudioVersion = 10.0.40219.1
Project("{8BC9CEB8-8B4A-11D0-8D11-00A0C91BC942}") = "test3_04", "test3_04.vcxproj", "{85EAB0F2-9F0D-4243-88EC-41AF1851706E}"
EndProject
Global
	GlobalSection(SolutionConfigurationPlatforms) = preSolution
		Debug|x64 = Debug|x64
		Debug|x86 = Debug|x86
		Release|x64 = Release|x64
		Release|x86 = Release|x86
	EndGlobalSection
	GlobalSection(ProjectConfigurationPlatforms) = postSolution
		{85EAB0F2-9F0D-4243-88EC-41AF1851706E}.Debug|x64.ActiveCfg = Debug|x64
		{85EAB0F2-9F0D-4243-88EC-41AF1851706E}.Debug|x64.Build.0 = Debug|x64
		{85EAB0F2-9F0D-4243-88EC-41AF1851706E}.Debug|x86.ActiveCfg = Debug|Win32
		{85EAB0F2-9F0D-4243-88EC-41AF1851706E}.Debug|x86.Build.0 = Debug|Win32
		{85EAB0F2-9F0D-4243-88EC-41AF1851706E}.Release|x64.ActiveCfg = Release|x64
		{85EAB0F2-9F0D-4243-88EC-41AF1851706E}.Release|x64.Build.0 = Release|x64
		{85EAB0F2-9F0D-4243-88EC-41AF1851706E}.Release|x86.ActiveCfg = Release|Win32
		{85EAB0F2-9F0D-4243-88EC-41AF1851706E}.Release|x86.Build.0 = Release|Win32
	EndGlobalSection
	GlobalSection(SolutionProperties) = preSolution
		HideSolutionNode = FALSE
	EndGlobalSection
	GlobalSection(ExtensibilityGlobals) = postSolution
		SolutionGuid = {52311AAE-71AE-4895-831E-9B2947223885}
	EndGlobalSection
EndGlobal
