
Microsoft Visual Studio Solution File, Format Version 12.00
# Visual Studio Version 16
VisualStudioVersion = 16.0.29519.181
MinimumVisualStudioVersion = 10.0.40219.1
Project("{8BC9CEB8-8B4A-11D0-8D11-00A0C91BC942}") = "test2-19", "test2-19.vcxproj", "{BF78572C-78F3-46AE-BECD-7F4B0FCAABEF}"
EndProject
Global
	GlobalSection(SolutionConfigurationPlatforms) = preSolution
		Debug|x64 = Debug|x64
		Debug|x86 = Debug|x86
		Release|x64 = Release|x64
		Release|x86 = Release|x86
	EndGlobalSection
	GlobalSection(ProjectConfigurationPlatforms) = postSolution
		{BF78572C-78F3-46AE-BECD-7F4B0FCAABEF}.Debug|x64.ActiveCfg = Debug|x64
		{BF78572C-78F3-46AE-BECD-7F4B0FCAABEF}.Debug|x64.Build.0 = Debug|x64
		{BF78572C-78F3-46AE-BECD-7F4B0FCAABEF}.Debug|x86.ActiveCfg = Debug|Win32
		{BF78572C-78F3-46AE-BECD-7F4B0FCAABEF}.Debug|x86.Build.0 = Debug|Win32
		{BF78572C-78F3-46AE-BECD-7F4B0FCAABEF}.Release|x64.ActiveCfg = Release|x64
		{BF78572C-78F3-46AE-BECD-7F4B0FCAABEF}.Release|x64.Build.0 = Release|x64
		{BF78572C-78F3-46AE-BECD-7F4B0FCAABEF}.Release|x86.ActiveCfg = Release|Win32
		{BF78572C-78F3-46AE-BECD-7F4B0FCAABEF}.Release|x86.Build.0 = Release|Win32
	EndGlobalSection
	GlobalSection(SolutionProperties) = preSolution
		HideSolutionNode = FALSE
	EndGlobalSection
	GlobalSection(ExtensibilityGlobals) = postSolution
		SolutionGuid = {966C4698-4438-45C8-973E-2B9D8D858CA4}
	EndGlobalSection
EndGlobal
