
Microsoft Visual Studio Solution File, Format Version 12.00
# Visual Studio 2013
VisualStudioVersion = 12.0.21005.1
MinimumVisualStudioVersion = 10.0.40219.1
Project("{8BC9CEB8-8B4A-11D0-8D11-00A0C91BC942}") = "test7-01", "test7-01\test7-01.vcxproj", "{AAFD5396-DC33-4421-94E6-FC289E917077}"
EndProject
Global
	GlobalSection(SolutionConfigurationPlatforms) = preSolution
		Debug|Win32 = Debug|Win32
		Release|Win32 = Release|Win32
	EndGlobalSection
	GlobalSection(ProjectConfigurationPlatforms) = postSolution
		{AAFD5396-DC33-4421-94E6-FC289E917077}.Debug|Win32.ActiveCfg = Debug|Win32
		{AAFD5396-DC33-4421-94E6-FC289E917077}.Debug|Win32.Build.0 = Debug|Win32
		{AAFD5396-DC33-4421-94E6-FC289E917077}.Release|Win32.ActiveCfg = Release|Win32
		{AAFD5396-DC33-4421-94E6-FC289E917077}.Release|Win32.Build.0 = Release|Win32
	EndGlobalSection
	GlobalSection(SolutionProperties) = preSolution
		HideSolutionNode = FALSE
	EndGlobalSection
EndGlobal
