
Microsoft Visual Studio Solution File, Format Version 12.00
# Visual Studio 2013
VisualStudioVersion = 12.0.21005.1
MinimumVisualStudioVersion = 10.0.40219.1
Project("{8BC9CEB8-8B4A-11D0-8D11-00A0C91BC942}") = "test8-11", "test8-11\test8-11.vcxproj", "{E5D3CF46-947A-4554-B9E2-A7B3AC9E281C}"
EndProject
Global
	GlobalSection(SolutionConfigurationPlatforms) = preSolution
		Debug|Win32 = Debug|Win32
		Release|Win32 = Release|Win32
	EndGlobalSection
	GlobalSection(ProjectConfigurationPlatforms) = postSolution
		{E5D3CF46-947A-4554-B9E2-A7B3AC9E281C}.Debug|Win32.ActiveCfg = Debug|Win32
		{E5D3CF46-947A-4554-B9E2-A7B3AC9E281C}.Debug|Win32.Build.0 = Debug|Win32
		{E5D3CF46-947A-4554-B9E2-A7B3AC9E281C}.Release|Win32.ActiveCfg = Release|Win32
		{E5D3CF46-947A-4554-B9E2-A7B3AC9E281C}.Release|Win32.Build.0 = Release|Win32
	EndGlobalSection
	GlobalSection(SolutionProperties) = preSolution
		HideSolutionNode = FALSE
	EndGlobalSection
EndGlobal
