
Microsoft Visual Studio Solution File, Format Version 12.00
# Visual Studio Version 16
VisualStudioVersion = 16.0.29519.181
MinimumVisualStudioVersion = 10.0.40219.1
Project("{8BC9CEB8-8B4A-11D0-8D11-00A0C91BC942}") = "test3_05", "test3_05.vcxproj", "{FABFEC8A-B2EB-4835-AD1F-D9CAA5E7D8BF}"
EndProject
Global
	GlobalSection(SolutionConfigurationPlatforms) = preSolution
		Debug|x64 = Debug|x64
		Debug|x86 = Debug|x86
		Release|x64 = Release|x64
		Release|x86 = Release|x86
	EndGlobalSection
	GlobalSection(ProjectConfigurationPlatforms) = postSolution
		{FABFEC8A-B2EB-4835-AD1F-D9CAA5E7D8BF}.Debug|x64.ActiveCfg = Debug|x64
		{FABFEC8A-B2EB-4835-AD1F-D9CAA5E7D8BF}.Debug|x64.Build.0 = Debug|x64
		{FABFEC8A-B2EB-4835-AD1F-D9CAA5E7D8BF}.Debug|x86.ActiveCfg = Debug|Win32
		{FABFEC8A-B2EB-4835-AD1F-D9CAA5E7D8BF}.Debug|x86.Build.0 = Debug|Win32
		{FABFEC8A-B2EB-4835-AD1F-D9CAA5E7D8BF}.Release|x64.ActiveCfg = Release|x64
		{FABFEC8A-B2EB-4835-AD1F-D9CAA5E7D8BF}.Release|x64.Build.0 = Release|x64
		{FABFEC8A-B2EB-4835-AD1F-D9CAA5E7D8BF}.Release|x86.ActiveCfg = Release|Win32
		{FABFEC8A-B2EB-4835-AD1F-D9CAA5E7D8BF}.Release|x86.Build.0 = Release|Win32
	EndGlobalSection
	GlobalSection(SolutionProperties) = preSolution
		HideSolutionNode = FALSE
	EndGlobalSection
	GlobalSection(ExtensibilityGlobals) = postSolution
		SolutionGuid = {50664111-1580-41F1-9C14-131CAAB777EE}
	EndGlobalSection
EndGlobal
